{
  "name": "reason-simple-server",
  "version": "1.2.0",
  "lockfileVersion": 1,
  "requires": true,
  "dependencies": {
    "bs-platform": {
      "version": "github:bsansouci/bsb-native#908e3a37aec1ec13f9207ab573ea6edfbd4d2b4d",
      "requires": {
        "yauzl": "2.9.1"
      }
    },
    "buffer-crc32": {
      "version": "0.2.13",
      "resolved": "https://registry.npmjs.org/buffer-crc32/-/buffer-crc32-0.2.13.tgz",
      "integrity": "sha1-DTM+PwDqxQqhRUq9MO+MKl2ackI="
    },
    "fd-slicer": {
      "version": "1.0.1",
      "resolved": "https://registry.npmjs.org/fd-slicer/-/fd-slicer-1.0.1.tgz",
      "integrity": "sha1-i1vL2ewyfFBBv5qwI/1nUPEXfmU=",
      "requires": {
        "pend": "1.2.0"
      }
    },
    "matchenv": {
      "version": "github:bsansouci/matchenv#076d9d6b55c62721b289bdfa024e4f2c659e492b",
      "requires": {
        "bs-platform": "github:bsansouci/bsb-native#908e3a37aec1ec13f9207ab573ea6edfbd4d2b4d"
      }
    },
    "pend": {
      "version": "1.2.0",
      "resolved": "https://registry.npmjs.org/pend/-/pend-1.2.0.tgz",
      "integrity": "sha1-elfrVQpng/kRUzH89GY9XI4AelA="
    },
    "reason-cli-tools": {
      "version": "1.0.4",
      "resolved": "https://registry.npmjs.org/reason-cli-tools/-/reason-cli-tools-1.0.4.tgz",
      "integrity": "sha512-W+yLX6ye271FOXY+Zm2iGdwOI3BxEGfKZ6g8heZ0X2ZbdgVoXC/mfDZIDwPxvsELlqqi6+O4JWrvBAQZ75IKig==",
      "requires": {
        "matchenv": "github:bsansouci/matchenv#076d9d6b55c62721b289bdfa024e4f2c659e492b"
      }
    },
    "yauzl": {
      "version": "2.9.1",
      "resolved": "https://registry.npmjs.org/yauzl/-/yauzl-2.9.1.tgz",
      "integrity": "sha1-qBmB6nCleUYTOIPwKcWCGok1mn8=",
      "requires": {
        "buffer-crc32": "0.2.13",
        "fd-slicer": "1.0.1"
      }
    }
  }
}
